{
  "name": "caleb1248-monaco-editor-test",
  "version": "0.0.0",
  "lockfileVersion": 3,
  "requires": true,
  "packages": {
    "": {
      "name": "caleb1248-monaco-editor-test",
      "version": "0.0.0",
      "hasInstallScript": true,
      "dependencies": {
        "@codingame/monaco-vscode-javascript-default-extension": "^2.0.3",
        "@codingame/monaco-vscode-keybindings-service-override": "^2.0.3",
        "@codingame/monaco-vscode-language-detection-worker-service-override": "^2.0.3",
        "@codingame/monaco-vscode-languages-service-override": "^2.0.3",
        "@codingame/monaco-vscode-textmate-service-override": "^2.0.3",
        "@codingame/monaco-vscode-theme-defaults-default-extension": "^2.0.3",
        "@codingame/monaco-vscode-theme-service-override": "^2.0.3",
        "@codingame/monaco-vscode-theme-seti-default-extension": "^2.0.3",
        "@codingame/monaco-vscode-typescript-basics-default-extension": "^2.0.3",
        "@codingame/monaco-vscode-typescript-language-features-default-extension": "^2.0.3",
        "@codingame/monaco-vscode-views-service-override": "^2.0.3",
        "@types/color": "^3.0.6",
        "@types/wicg-file-system-access": "^2023.10.4",
        "color": "^4.2.3",
        "monaco-editor": "^0.45.0",
        "vscode": "npm:@codingame/monaco-vscode-api@^2.0.3"
      },
      "devDependencies": {
        "@codingame/esbuild-import-meta-url-plugin": "^1.0.2",
        "@types/node": "^20.11.7",
        "@types/vscode": "^1.85.0",
        "typescript": "^5.2.2",
        "vite": "^5.0.0"
      }
    },
    "node_modules/@codingame/esbuild-import-meta-url-plugin": {
      "version": "1.0.2",
      "resolved": "https://registry.npmjs.org/@codingame/esbuild-import-meta-url-plugin/-/esbuild-import-meta-url-plugin-1.0.2.tgz",
      "integrity": "sha512-b1PjH6DVdTQd0WLO2R+b9oMlO7REyiAVbcx8weN1ZYiBSROuAy9MJ/j2NI4sxmFv9GK0wM9HRrBg6J2CBZ1xzQ==",
      "dev": true,
      "dependencies": {
        "esbuild": ">=0.19.x",
        "import-meta-resolve": "^4.0.0"
      }
    },
    "node_modules/@codingame/monaco-vscode-base-service-override": {
      "version": "2.0.3",
      "resolved": "https://registry.npmjs.org/@codingame/monaco-vscode-base-service-override/-/monaco-vscode-base-service-override-2.0.3.tgz",
      "integrity": "sha512-BhYeTf9WaaDI32e3TILa9apTRD/0hZGvuP/TGi+TvTFV2Ar5RjwPZffQ7iYcki7Z/cd2Y/kKT3l+xzjglGfvSg==",
      "dependencies": {
        "vscode": "npm:@codingame/monaco-vscode-api@2.0.3"
      }
    },
    "node_modules/@codingame/monaco-vscode-bulk-edit-service-override": {
      "version": "2.0.3",
      "resolved": "https://registry.npmjs.org/@codingame/monaco-vscode-bulk-edit-service-override/-/monaco-vscode-bulk-edit-service-override-2.0.3.tgz",
      "integrity": "sha512-PZ8xtXYKwsFwAQKcNEbmimNEGsHnclElrsCAvKkFUqJl7hnkbBdLMAsm/8T9AEvDN4Vrw9ojN2dPmgiiG0qcpg==",
      "dependencies": {
        "vscode": "npm:@codingame/monaco-vscode-api@2.0.3",
        "vscode-marked": "npm:marked@=3.0.2"
      }
    },
    "node_modules/@codingame/monaco-vscode-environment-service-override": {
      "version": "2.0.3",
      "resolved": "https://registry.npmjs.org/@codingame/monaco-vscode-environment-service-override/-/monaco-vscode-environment-service-override-2.0.3.tgz",
      "integrity": "sha512-1MOAsUkS6CzE9GqDwP1ofBkeVuSza8TlKSB6X+N5TYPpEiUpA+yeiiK/zEXrjDIlkPnIX9AAQ51xSd37PC4+Xg==",
      "dependencies": {
        "vscode": "npm:@codingame/monaco-vscode-api@2.0.3"
      }
    },
    "node_modules/@codingame/monaco-vscode-extensions-service-override": {
      "version": "2.0.3",
      "resolved": "https://registry.npmjs.org/@codingame/monaco-vscode-extensions-service-override/-/monaco-vscode-extensions-service-override-2.0.3.tgz",
      "integrity": "sha512-m28KJ6zPvBsA/o0eUwINHVRJS2RmxMFoEmEZ8kWuyWeK3R36b9pT+UyvF4YYer4On9E9S5lAPbolnq6SGu6Fxw==",
      "dependencies": {
        "@codingame/monaco-vscode-files-service-override": "2.0.3",
        "vscode": "npm:@codingame/monaco-vscode-api@2.0.3",
        "vscode-marked": "npm:marked@=3.0.2",
        "vscode-semver": "npm:semver@=5.5.0"
      }
    },
    "node_modules/@codingame/monaco-vscode-files-service-override": {
      "version": "2.0.3",
      "resolved": "https://registry.npmjs.org/@codingame/monaco-vscode-files-service-override/-/monaco-vscode-files-service-override-2.0.3.tgz",
      "integrity": "sha512-7YLP4xaAeVwRpqNbc1FiEuzgJ8bTYLes9BhZX1FksXQ72OeeDgsZUyCUu2z8RY4XeOgjXvIpb62KgTpvhTR8XQ==",
      "dependencies": {
        "vscode": "npm:@codingame/monaco-vscode-api@2.0.3",
        "vscode-marked": "npm:marked@=3.0.2"
      }
    },
    "node_modules/@codingame/monaco-vscode-host-service-override": {
      "version": "2.0.3",
      "resolved": "https://registry.npmjs.org/@codingame/monaco-vscode-host-service-override/-/monaco-vscode-host-service-override-2.0.3.tgz",
      "integrity": "sha512-HT6pzmyusyamB859ZJ5uz2+I15VrgnZaPUt7rJGwLUQgY+EjnB+0m9qjmV8xhRavxwxWmBpmYFc7WZeqb35bFw==",
      "dependencies": {
        "vscode": "npm:@codingame/monaco-vscode-api@2.0.3"
      }
    },
    "node_modules/@codingame/monaco-vscode-javascript-default-extension": {
      "version": "2.0.3",
      "resolved": "https://registry.npmjs.org/@codingame/monaco-vscode-javascript-default-extension/-/monaco-vscode-javascript-default-extension-2.0.3.tgz",
      "integrity": "sha512-HlSS+Zj3Lw4cjm1JBYY9Y+LHKzi0z6UggC10Ny2ShQ6ksL4jESGPkiWYgJOjcszXysm8zEJJpZQ38Uk+zeRfHQ==",
      "dependencies": {
        "vscode": "npm:@codingame/monaco-vscode-api@2.0.3"
      }
    },
    "node_modules/@codingame/monaco-vscode-keybindings-service-override": {
      "version": "2.0.3",
      "resolved": "https://registry.npmjs.org/@codingame/monaco-vscode-keybindings-service-override/-/monaco-vscode-keybindings-service-override-2.0.3.tgz",
      "integrity": "sha512-VJPBmpYYoMUa3wl9EOAaOps7cIZLB5NCtXjh5io1S6jfr99Bbz1iCMh9savC2UYk8aUo7QmOIgbX3KRsFJy4bw==",
      "dependencies": {
        "@codingame/monaco-vscode-files-service-override": "2.0.3",
        "vscode": "npm:@codingame/monaco-vscode-api@2.0.3",
        "vscode-marked": "npm:marked@=3.0.2"
      }
    },
    "node_modules/@codingame/monaco-vscode-language-detection-worker-service-override": {
      "version": "2.0.3",
      "resolved": "https://registry.npmjs.org/@codingame/monaco-vscode-language-detection-worker-service-override/-/monaco-vscode-language-detection-worker-service-override-2.0.3.tgz",
      "integrity": "sha512-xbOREN7zikHzfWD1O2VbyOj1RuSkJtrGfBLwNLetMBSoQlXjTnq4xCIN0tOMqrvu0mkcs3YXp3tT47468yISZQ==",
      "dependencies": {
        "@vscode/vscode-languagedetection": "1.0.21",
        "vscode": "npm:@codingame/monaco-vscode-api@2.0.3"
      }
    },
    "node_modules/@codingame/monaco-vscode-languages-service-override": {
      "version": "2.0.3",
      "resolved": "https://registry.npmjs.org/@codingame/monaco-vscode-languages-service-override/-/monaco-vscode-languages-service-override-2.0.3.tgz",
      "integrity": "sha512-YQXoiQ59dazju/LrBhL90jrnvXG46wBeTKvD2DhhljKJL2i7YviytceTrMF1ZI5OLsIBv2PdsGSyVX4nf0z82g==",
      "dependencies": {
        "@codingame/monaco-vscode-files-service-override": "2.0.3",
        "vscode": "npm:@codingame/monaco-vscode-api@2.0.3"
      }
    },
    "node_modules/@codingame/monaco-vscode-layout-service-override": {
      "version": "2.0.3",
      "resolved": "https://registry.npmjs.org/@codingame/monaco-vscode-layout-service-override/-/monaco-vscode-layout-service-override-2.0.3.tgz",
      "integrity": "sha512-SEolu/viubCnnhCs/g+cTLaCSHNZUCAQQqsJdkSCAiaNLx/KkY+A5gVaK1cejnckI0AMHJjmJn+guEcX8OHEdg==",
      "dependencies": {
        "vscode": "npm:@codingame/monaco-vscode-api@2.0.3",
        "vscode-marked": "npm:marked@=3.0.2"
      }
    },
    "node_modules/@codingame/monaco-vscode-quickaccess-service-override": {
      "version": "2.0.3",
      "resolved": "https://registry.npmjs.org/@codingame/monaco-vscode-quickaccess-service-override/-/monaco-vscode-quickaccess-service-override-2.0.3.tgz",
      "integrity": "sha512-FPDK/PUwUf64c7GzSntl1hS1S7pUtQ9z+kQQ8tBi05gLJFRSitpi5MSksuoe5jj+68S8/kRrgEUh7WrZjNIJ0Q==",
      "dependencies": {
        "vscode": "npm:@codingame/monaco-vscode-api@2.0.3",
        "vscode-marked": "npm:marked@=3.0.2"
      }
    },
    "node_modules/@codingame/monaco-vscode-textmate-service-override": {
      "version": "2.0.3",
      "resolved": "https://registry.npmjs.org/@codingame/monaco-vscode-textmate-service-override/-/monaco-vscode-textmate-service-override-2.0.3.tgz",
      "integrity": "sha512-xMX085FuhUZly+6t2I1v3deKeGTCpS5NNGSN2ExEwwELiIFv1jfPga4rUYb2rXxIu8AsJTIjFmM76tKLlKk6qA==",
      "dependencies": {
        "@codingame/monaco-vscode-files-service-override": "2.0.3",
        "vscode": "npm:@codingame/monaco-vscode-api@2.0.3",
        "vscode-marked": "npm:marked@=3.0.2",
        "vscode-oniguruma": "1.7.0",
        "vscode-textmate": "9.0.0"
      }
    },
    "node_modules/@codingame/monaco-vscode-theme-defaults-default-extension": {
      "version": "2.0.3",
      "resolved": "https://registry.npmjs.org/@codingame/monaco-vscode-theme-defaults-default-extension/-/monaco-vscode-theme-defaults-default-extension-2.0.3.tgz",
      "integrity": "sha512-8qO2apAI9WI4/o+Te/bSbiy40rFkYvvk7wmF7G/kOiP+TprIPmYKjrp38fqpMzjJu71pHod/fabwANpEeEh9/Q==",
      "dependencies": {
        "vscode": "npm:@codingame/monaco-vscode-api@2.0.3"
      }
    },
    "node_modules/@codingame/monaco-vscode-theme-service-override": {
      "version": "2.0.3",
      "resolved": "https://registry.npmjs.org/@codingame/monaco-vscode-theme-service-override/-/monaco-vscode-theme-service-override-2.0.3.tgz",
      "integrity": "sha512-uJOxv2tj0pNnQaXoVbfhG7cnbqmSPjGFxUgVnvdDja+fnxF/gymgfbjWaNf8etpQXAaIRpxJvZmFOalr8ZsvSw==",
      "dependencies": {
        "@codingame/monaco-vscode-files-service-override": "2.0.3",
        "vscode": "npm:@codingame/monaco-vscode-api@2.0.3"
      }
    },
    "node_modules/@codingame/monaco-vscode-theme-seti-default-extension": {
      "version": "2.0.3",
      "resolved": "https://registry.npmjs.org/@codingame/monaco-vscode-theme-seti-default-extension/-/monaco-vscode-theme-seti-default-extension-2.0.3.tgz",
      "integrity": "sha512-apg+7d7H3HFk4S3xDiLwggoAqpwCxVG5iWIr2Gm06vTc+6GW3XUhz2ibkd2YdgiaLnWl+7OgeCemn7j7bkwRFg==",
      "dependencies": {
        "vscode": "npm:@codingame/monaco-vscode-api@2.0.3"
      }
    },
    "node_modules/@codingame/monaco-vscode-typescript-basics-default-extension": {
      "version": "2.0.3",
      "resolved": "https://registry.npmjs.org/@codingame/monaco-vscode-typescript-basics-default-extension/-/monaco-vscode-typescript-basics-default-extension-2.0.3.tgz",
      "integrity": "sha512-QgAKmQ8Mki618sgkVy1Yx92U8cA8j54PGdnCU1wJICHYorx8FahNYLF4eX5WMUrHrFbJ0vQK3AbKI3ZNc15HmQ==",
      "dependencies": {
        "vscode": "npm:@codingame/monaco-vscode-api@2.0.3"
      }
    },
    "node_modules/@codingame/monaco-vscode-typescript-language-features-default-extension": {
      "version": "2.0.3",
      "resolved": "https://registry.npmjs.org/@codingame/monaco-vscode-typescript-language-features-default-extension/-/monaco-vscode-typescript-language-features-default-extension-2.0.3.tgz",
      "integrity": "sha512-v26Hg09CQvf89shXRzHSff5AMtVeRfja/m5jAOE2jX3Z3NlmBCPB0/MQsj4OQaSY3YvuLICfSAY4hHGG1Z9q1w==",
      "dependencies": {
        "vscode": "npm:@codingame/monaco-vscode-api@2.0.3"
      }
    },
    "node_modules/@codingame/monaco-vscode-views-service-override": {
      "version": "2.0.3",
      "resolved": "https://registry.npmjs.org/@codingame/monaco-vscode-views-service-override/-/monaco-vscode-views-service-override-2.0.3.tgz",
      "integrity": "sha512-Rvh2aiBxriWA0D//D55ivS4t3AqnyvuKa+ff3QukjvZZNPEOsjBcXvsLLmzbKLuIc+/Y9yYESnzaJ4TgR/m27Q==",
      "dependencies": {
        "@codingame/monaco-vscode-base-service-override": "2.0.3",
        "@codingame/monaco-vscode-bulk-edit-service-override": "2.0.3",
        "@codingame/monaco-vscode-environment-service-override": "2.0.3",
        "@codingame/monaco-vscode-extensions-service-override": "2.0.3",
        "@codingame/monaco-vscode-files-service-override": "2.0.3",
        "@codingame/monaco-vscode-host-service-override": "2.0.3",
        "@codingame/monaco-vscode-keybindings-service-override": "2.0.3",
        "@codingame/monaco-vscode-layout-service-override": "2.0.3",
        "@codingame/monaco-vscode-quickaccess-service-override": "2.0.3",
        "vscode": "npm:@codingame/monaco-vscode-api@2.0.3",
        "vscode-marked": "npm:marked@=3.0.2"
      }
    },
    "node_modules/@esbuild/android-arm": {
      "version": "0.19.8",
      "resolved": "https://registry.npmjs.org/@esbuild/android-arm/-/android-arm-0.19.8.tgz",
      "integrity": "sha512-31E2lxlGM1KEfivQl8Yf5aYU/mflz9g06H6S15ITUFQueMFtFjESRMoDSkvMo8thYvLBax+VKTPlpnx+sPicOA==",
      "cpu": [
        "arm"
      ],
      "dev": true,
      "optional": true,
      "os": [
        "android"
      ],
      "engines": {
        "node": ">=12"
      }
    },
    "node_modules/@esbuild/android-arm64": {
      "version": "0.19.8",
      "resolved": "https://registry.npmjs.org/@esbuild/android-arm64/-/android-arm64-0.19.8.tgz",
      "integrity": "sha512-B8JbS61bEunhfx8kasogFENgQfr/dIp+ggYXwTqdbMAgGDhRa3AaPpQMuQU0rNxDLECj6FhDzk1cF9WHMVwrtA==",
      "cpu": [
        "arm64"
      ],
      "dev": true,
      "optional": true,
      "os": [
        "android"
      ],
      "engines": {
        "node": ">=12"
      }
    },
    "node_modules/@esbuild/android-x64": {
      "version": "0.19.8",
      "resolved": "https://registry.npmjs.org/@esbuild/android-x64/-/android-x64-0.19.8.tgz",
      "integrity": "sha512-rdqqYfRIn4jWOp+lzQttYMa2Xar3OK9Yt2fhOhzFXqg0rVWEfSclJvZq5fZslnz6ypHvVf3CT7qyf0A5pM682A==",
      "cpu": [
        "x64"
      ],
      "dev": true,
      "optional": true,
      "os": [
        "android"
      ],
      "engines": {
        "node": ">=12"
      }
    },
    "node_modules/@esbuild/darwin-arm64": {
      "version": "0.19.8",
      "resolved": "https://registry.npmjs.org/@esbuild/darwin-arm64/-/darwin-arm64-0.19.8.tgz",
      "integrity": "sha512-RQw9DemMbIq35Bprbboyf8SmOr4UXsRVxJ97LgB55VKKeJOOdvsIPy0nFyF2l8U+h4PtBx/1kRf0BelOYCiQcw==",
      "cpu": [
        "arm64"
      ],
      "dev": true,
      "optional": true,
      "os": [
        "darwin"
      ],
      "engines": {
        "node": ">=12"
      }
    },
    "node_modules/@esbuild/darwin-x64": {
      "version": "0.19.8",
      "resolved": "https://registry.npmjs.org/@esbuild/darwin-x64/-/darwin-x64-0.19.8.tgz",
      "integrity": "sha512-3sur80OT9YdeZwIVgERAysAbwncom7b4bCI2XKLjMfPymTud7e/oY4y+ci1XVp5TfQp/bppn7xLw1n/oSQY3/Q==",
      "cpu": [
        "x64"
      ],
      "dev": true,
      "optional": true,
      "os": [
        "darwin"
      ],
      "engines": {
        "node": ">=12"
      }
    },
    "node_modules/@esbuild/freebsd-arm64": {
      "version": "0.19.8",
      "resolved": "https://registry.npmjs.org/@esbuild/freebsd-arm64/-/freebsd-arm64-0.19.8.tgz",
      "integrity": "sha512-WAnPJSDattvS/XtPCTj1tPoTxERjcTpH6HsMr6ujTT+X6rylVe8ggxk8pVxzf5U1wh5sPODpawNicF5ta/9Tmw==",
      "cpu": [
        "arm64"
      ],
      "dev": true,
      "optional": true,
      "os": [
        "freebsd"
      ],
      "engines": {
        "node": ">=12"
      }
    },
    "node_modules/@esbuild/freebsd-x64": {
      "version": "0.19.8",
      "resolved": "https://registry.npmjs.org/@esbuild/freebsd-x64/-/freebsd-x64-0.19.8.tgz",
      "integrity": "sha512-ICvZyOplIjmmhjd6mxi+zxSdpPTKFfyPPQMQTK/w+8eNK6WV01AjIztJALDtwNNfFhfZLux0tZLC+U9nSyA5Zg==",
      "cpu": [
        "x64"
      ],
      "dev": true,
      "optional": true,
      "os": [
        "freebsd"
      ],
      "engines": {
        "node": ">=12"
      }
    },
    "node_modules/@esbuild/linux-arm": {
      "version": "0.19.8",
      "resolved": "https://registry.npmjs.org/@esbuild/linux-arm/-/linux-arm-0.19.8.tgz",
      "integrity": "sha512-H4vmI5PYqSvosPaTJuEppU9oz1dq2A7Mr2vyg5TF9Ga+3+MGgBdGzcyBP7qK9MrwFQZlvNyJrvz6GuCaj3OukQ==",
      "cpu": [
        "arm"
      ],
      "dev": true,
      "optional": true,
      "os": [
        "linux"
      ],
      "engines": {
        "node": ">=12"
      }
    },
    "node_modules/@esbuild/linux-arm64": {
      "version": "0.19.8",
      "resolved": "https://registry.npmjs.org/@esbuild/linux-arm64/-/linux-arm64-0.19.8.tgz",
      "integrity": "sha512-z1zMZivxDLHWnyGOctT9JP70h0beY54xDDDJt4VpTX+iwA77IFsE1vCXWmprajJGa+ZYSqkSbRQ4eyLCpCmiCQ==",
      "cpu": [
        "arm64"
      ],
      "dev": true,
      "optional": true,
      "os": [
        "linux"
      ],
      "engines": {
        "node": ">=12"
      }
    },
    "node_modules/@esbuild/linux-ia32": {
      "version": "0.19.8",
      "resolved": "https://registry.npmjs.org/@esbuild/linux-ia32/-/linux-ia32-0.19.8.tgz",
      "integrity": "sha512-1a8suQiFJmZz1khm/rDglOc8lavtzEMRo0v6WhPgxkrjcU0LkHj+TwBrALwoz/OtMExvsqbbMI0ChyelKabSvQ==",
      "cpu": [
        "ia32"
      ],
      "dev": true,
      "optional": true,
      "os": [
        "linux"
      ],
      "engines": {
        "node": ">=12"
      }
    },
    "node_modules/@esbuild/linux-loong64": {
      "version": "0.19.8",
      "resolved": "https://registry.npmjs.org/@esbuild/linux-loong64/-/linux-loong64-0.19.8.tgz",
      "integrity": "sha512-fHZWS2JJxnXt1uYJsDv9+b60WCc2RlvVAy1F76qOLtXRO+H4mjt3Tr6MJ5l7Q78X8KgCFudnTuiQRBhULUyBKQ==",
      "cpu": [
        "loong64"
      ],
      "dev": true,
      "optional": true,
      "os": [
        "linux"
      ],
      "engines": {
        "node": ">=12"
      }
    },
    "node_modules/@esbuild/linux-mips64el": {
      "version": "0.19.8",
      "resolved": "https://registry.npmjs.org/@esbuild/linux-mips64el/-/linux-mips64el-0.19.8.tgz",
      "integrity": "sha512-Wy/z0EL5qZYLX66dVnEg9riiwls5IYnziwuju2oUiuxVc+/edvqXa04qNtbrs0Ukatg5HEzqT94Zs7J207dN5Q==",
      "cpu": [
        "mips64el"
      ],
      "dev": true,
      "optional": true,
      "os": [
        "linux"
      ],
      "engines": {
        "node": ">=12"
      }
    },
    "node_modules/@esbuild/linux-ppc64": {
      "version": "0.19.8",
      "resolved": "https://registry.npmjs.org/@esbuild/linux-ppc64/-/linux-ppc64-0.19.8.tgz",
      "integrity": "sha512-ETaW6245wK23YIEufhMQ3HSeHO7NgsLx8gygBVldRHKhOlD1oNeNy/P67mIh1zPn2Hr2HLieQrt6tWrVwuqrxg==",
      "cpu": [
        "ppc64"
      ],
      "dev": true,
      "optional": true,
      "os": [
        "linux"
      ],
      "engines": {
        "node": ">=12"
      }
    },
    "node_modules/@esbuild/linux-riscv64": {
      "version": "0.19.8",
      "resolved": "https://registry.npmjs.org/@esbuild/linux-riscv64/-/linux-riscv64-0.19.8.tgz",
      "integrity": "sha512-T2DRQk55SgoleTP+DtPlMrxi/5r9AeFgkhkZ/B0ap99zmxtxdOixOMI570VjdRCs9pE4Wdkz7JYrsPvsl7eESg==",
      "cpu": [
        "riscv64"
      ],
      "dev": true,
      "optional": true,
      "os": [
        "linux"
      ],
      "engines": {
        "node": ">=12"
      }
    },
    "node_modules/@esbuild/linux-s390x": {
      "version": "0.19.8",
      "resolved": "https://registry.npmjs.org/@esbuild/linux-s390x/-/linux-s390x-0.19.8.tgz",
      "integrity": "sha512-NPxbdmmo3Bk7mbNeHmcCd7R7fptJaczPYBaELk6NcXxy7HLNyWwCyDJ/Xx+/YcNH7Im5dHdx9gZ5xIwyliQCbg==",
      "cpu": [
        "s390x"
      ],
      "dev": true,
      "optional": true,
      "os": [
        "linux"
      ],
      "engines": {
        "node": ">=12"
      }
    },
    "node_modules/@esbuild/linux-x64": {
      "version": "0.19.8",
      "resolved": "https://registry.npmjs.org/@esbuild/linux-x64/-/linux-x64-0.19.8.tgz",
      "integrity": "sha512-lytMAVOM3b1gPypL2TRmZ5rnXl7+6IIk8uB3eLsV1JwcizuolblXRrc5ShPrO9ls/b+RTp+E6gbsuLWHWi2zGg==",
      "cpu": [
        "x64"
      ],
      "dev": true,
      "optional": true,
      "os": [
        "linux"
      ],
      "engines": {
        "node": ">=12"
      }
    },
    "node_modules/@esbuild/netbsd-x64": {
      "version": "0.19.8",
      "resolved": "https://registry.npmjs.org/@esbuild/netbsd-x64/-/netbsd-x64-0.19.8.tgz",
      "integrity": "sha512-hvWVo2VsXz/8NVt1UhLzxwAfo5sioj92uo0bCfLibB0xlOmimU/DeAEsQILlBQvkhrGjamP0/el5HU76HAitGw==",
      "cpu": [
        "x64"
      ],
      "dev": true,
      "optional": true,
      "os": [
        "netbsd"
      ],
      "engines": {
        "node": ">=12"
      }
    },
    "node_modules/@esbuild/openbsd-x64": {
      "version": "0.19.8",
      "resolved": "https://registry.npmjs.org/@esbuild/openbsd-x64/-/openbsd-x64-0.19.8.tgz",
      "integrity": "sha512-/7Y7u77rdvmGTxR83PgaSvSBJCC2L3Kb1M/+dmSIvRvQPXXCuC97QAwMugBNG0yGcbEGfFBH7ojPzAOxfGNkwQ==",
      "cpu": [
        "x64"
      ],
      "dev": true,
      "optional": true,
      "os": [
        "openbsd"
      ],
      "engines": {
        "node": ">=12"
      }
    },
    "node_modules/@esbuild/sunos-x64": {
      "version": "0.19.8",
      "resolved": "https://registry.npmjs.org/@esbuild/sunos-x64/-/sunos-x64-0.19.8.tgz",
      "integrity": "sha512-9Lc4s7Oi98GqFA4HzA/W2JHIYfnXbUYgekUP/Sm4BG9sfLjyv6GKKHKKVs83SMicBF2JwAX6A1PuOLMqpD001w==",
      "cpu": [
        "x64"
      ],
      "dev": true,
      "optional": true,
      "os": [
        "sunos"
      ],
      "engines": {
        "node": ">=12"
      }
    },
    "node_modules/@esbuild/win32-arm64": {
      "version": "0.19.8",
      "resolved": "https://registry.npmjs.org/@esbuild/win32-arm64/-/win32-arm64-0.19.8.tgz",
      "integrity": "sha512-rq6WzBGjSzihI9deW3fC2Gqiak68+b7qo5/3kmB6Gvbh/NYPA0sJhrnp7wgV4bNwjqM+R2AApXGxMO7ZoGhIJg==",
      "cpu": [
        "arm64"
      ],
      "dev": true,
      "optional": true,
      "os": [
        "win32"
      ],
      "engines": {
        "node": ">=12"
      }
    },
    "node_modules/@esbuild/win32-ia32": {
      "version": "0.19.8",
      "resolved": "https://registry.npmjs.org/@esbuild/win32-ia32/-/win32-ia32-0.19.8.tgz",
      "integrity": "sha512-AIAbverbg5jMvJznYiGhrd3sumfwWs8572mIJL5NQjJa06P8KfCPWZQ0NwZbPQnbQi9OWSZhFVSUWjjIrn4hSw==",
      "cpu": [
        "ia32"
      ],
      "dev": true,
      "optional": true,
      "os": [
        "win32"
      ],
      "engines": {
        "node": ">=12"
      }
    },
    "node_modules/@esbuild/win32-x64": {
      "version": "0.19.8",
      "resolved": "https://registry.npmjs.org/@esbuild/win32-x64/-/win32-x64-0.19.8.tgz",
      "integrity": "sha512-bfZ0cQ1uZs2PqpulNL5j/3w+GDhP36k1K5c38QdQg+Swy51jFZWWeIkteNsufkQxp986wnqRRsb/bHbY1WQ7TA==",
      "cpu": [
        "x64"
      ],
      "dev": true,
      "optional": true,
      "os": [
        "win32"
      ],
      "engines": {
        "node": ">=12"
      }
    },
    "node_modules/@rollup/rollup-android-arm-eabi": {
      "version": "4.7.0",
      "resolved": "https://registry.npmjs.org/@rollup/rollup-android-arm-eabi/-/rollup-android-arm-eabi-4.7.0.tgz",
      "integrity": "sha512-rGku10pL1StFlFvXX5pEv88KdGW6DHUghsxyP/aRYb9eH+74jTGJ3U0S/rtlsQ4yYq1Hcc7AMkoJOb1xu29Fxw==",
      "cpu": [
        "arm"
      ],
      "dev": true,
      "optional": true,
      "os": [
        "android"
      ]
    },
    "node_modules/@rollup/rollup-android-arm64": {
      "version": "4.7.0",
      "resolved": "https://registry.npmjs.org/@rollup/rollup-android-arm64/-/rollup-android-arm64-4.7.0.tgz",
      "integrity": "sha512-/EBw0cuJ/KVHiU2qyVYUhogXz7W2vXxBzeE9xtVIMC+RyitlY2vvaoysMUqASpkUtoNIHlnKTu/l7mXOPgnKOA==",
      "cpu": [
        "arm64"
      ],
      "dev": true,
      "optional": true,
      "os": [
        "android"
      ]
    },
    "node_modules/@rollup/rollup-darwin-arm64": {
      "version": "4.7.0",
      "resolved": "https://registry.npmjs.org/@rollup/rollup-darwin-arm64/-/rollup-darwin-arm64-4.7.0.tgz",
      "integrity": "sha512-4VXG1bgvClJdbEYYjQ85RkOtwN8sqI3uCxH0HC5w9fKdqzRzgG39K7GAehATGS8jghA7zNoS5CjSKkDEqWmNZg==",
      "cpu": [
        "arm64"
      ],
      "dev": true,
      "optional": true,
      "os": [
        "darwin"
      ]
    },
    "node_modules/@rollup/rollup-darwin-x64": {
      "version": "4.7.0",
      "resolved": "https://registry.npmjs.org/@rollup/rollup-darwin-x64/-/rollup-darwin-x64-4.7.0.tgz",
      "integrity": "sha512-/ImhO+T/RWJ96hUbxiCn2yWI0/MeQZV/aeukQQfhxiSXuZJfyqtdHPUPrc84jxCfXTxbJLmg4q+GBETeb61aNw==",
      "cpu": [
        "x64"
      ],
      "dev": true,
      "optional": true,
      "os": [
        "darwin"
      ]
    },
    "node_modules/@rollup/rollup-linux-arm-gnueabihf": {
      "version": "4.7.0",
      "resolved": "https://registry.npmjs.org/@rollup/rollup-linux-arm-gnueabihf/-/rollup-linux-arm-gnueabihf-4.7.0.tgz",
      "integrity": "sha512-zhye8POvTyUXlKbfPBVqoHy3t43gIgffY+7qBFqFxNqVtltQLtWeHNAbrMnXiLIfYmxcoL/feuLDote2tx+Qbg==",
      "cpu": [
        "arm"
      ],
      "dev": true,
      "optional": true,
      "os": [
        "linux"
      ]
    },
    "node_modules/@rollup/rollup-linux-arm64-gnu": {
      "version": "4.7.0",
      "resolved": "https://registry.npmjs.org/@rollup/rollup-linux-arm64-gnu/-/rollup-linux-arm64-gnu-4.7.0.tgz",
      "integrity": "sha512-RAdr3OJnUum6Vs83cQmKjxdTg31zJnLLTkjhcFt0auxM6jw00GD6IPFF42uasYPr/wGC6TRm7FsQiJyk0qIEfg==",
      "cpu": [
        "arm64"
      ],
      "dev": true,
      "optional": true,
      "os": [
        "linux"
      ]
    },
    "node_modules/@rollup/rollup-linux-arm64-musl": {
      "version": "4.7.0",
      "resolved": "https://registry.npmjs.org/@rollup/rollup-linux-arm64-musl/-/rollup-linux-arm64-musl-4.7.0.tgz",
      "integrity": "sha512-nhWwYsiJwZGq7SyR3afS3EekEOsEAlrNMpPC4ZDKn5ooYSEjDLe9W/xGvoIV8/F/+HNIY6jY8lIdXjjxfxopXw==",
      "cpu": [
        "arm64"
      ],
      "dev": true,
      "optional": true,
      "os": [
        "linux"
      ]
    },
    "node_modules/@rollup/rollup-linux-riscv64-gnu": {
      "version": "4.7.0",
      "resolved": "https://registry.npmjs.org/@rollup/rollup-linux-riscv64-gnu/-/rollup-linux-riscv64-gnu-4.7.0.tgz",
      "integrity": "sha512-rlfy5RnQG1aop1BL/gjdH42M2geMUyVQqd52GJVirqYc787A/XVvl3kQ5NG/43KXgOgE9HXgCaEH05kzQ+hLoA==",
      "cpu": [
        "riscv64"
      ],
      "dev": true,
      "optional": true,
      "os": [
        "linux"
      ]
    },
    "node_modules/@rollup/rollup-linux-x64-gnu": {
      "version": "4.7.0",
      "resolved": "https://registry.npmjs.org/@rollup/rollup-linux-x64-gnu/-/rollup-linux-x64-gnu-4.7.0.tgz",
      "integrity": "sha512-cCkoGlGWfBobdDtiiypxf79q6k3/iRVGu1HVLbD92gWV5WZbmuWJCgRM4x2N6i7ljGn1cGytPn9ZAfS8UwF6vg==",
      "cpu": [
        "x64"
      ],
      "dev": true,
      "optional": true,
      "os": [
        "linux"
      ]
    },
    "node_modules/@rollup/rollup-linux-x64-musl": {
      "version": "4.7.0",
      "resolved": "https://registry.npmjs.org/@rollup/rollup-linux-x64-musl/-/rollup-linux-x64-musl-4.7.0.tgz",
      "integrity": "sha512-R2oBf2p/Arc1m+tWmiWbpHBjEcJnHVnv6bsypu4tcKdrYTpDfl1UT9qTyfkIL1iiii5D4WHxUHCg5X0pzqmxFg==",
      "cpu": [
        "x64"
      ],
      "dev": true,
      "optional": true,
      "os": [
        "linux"
      ]
    },
    "node_modules/@rollup/rollup-win32-arm64-msvc": {
      "version": "4.7.0",
      "resolved": "https://registry.npmjs.org/@rollup/rollup-win32-arm64-msvc/-/rollup-win32-arm64-msvc-4.7.0.tgz",
      "integrity": "sha512-CPtgaQL1aaPc80m8SCVEoxFGHxKYIt3zQYC3AccL/SqqiWXblo3pgToHuBwR8eCP2Toa+X1WmTR/QKFMykws7g==",
      "cpu": [
        "arm64"
      ],
      "dev": true,
      "optional": true,
      "os": [
        "win32"
      ]
    },
    "node_modules/@rollup/rollup-win32-ia32-msvc": {
      "version": "4.7.0",
      "resolved": "https://registry.npmjs.org/@rollup/rollup-win32-ia32-msvc/-/rollup-win32-ia32-msvc-4.7.0.tgz",
      "integrity": "sha512-pmioUlttNh9GXF5x2CzNa7Z8kmRTyhEzzAC+2WOOapjewMbl+3tGuAnxbwc5JyG8Jsz2+hf/QD/n5VjimOZ63g==",
      "cpu": [
        "ia32"
      ],
      "dev": true,
      "optional": true,
      "os": [
        "win32"
      ]
    },
    "node_modules/@rollup/rollup-win32-x64-msvc": {
      "version": "4.7.0",
      "resolved": "https://registry.npmjs.org/@rollup/rollup-win32-x64-msvc/-/rollup-win32-x64-msvc-4.7.0.tgz",
      "integrity": "sha512-SeZzC2QhhdBQUm3U0c8+c/P6UlRyBcLL2Xp5KX7z46WXZxzR8RJSIWL9wSUeBTgxog5LTPJuPj0WOT9lvrtP7Q==",
      "cpu": [
        "x64"
      ],
      "dev": true,
      "optional": true,
      "os": [
        "win32"
      ]
    },
    "node_modules/@types/color": {
      "version": "3.0.6",
      "resolved": "https://registry.npmjs.org/@types/color/-/color-3.0.6.tgz",
      "integrity": "sha512-NMiNcZFRUAiUUCCf7zkAelY8eV3aKqfbzyFQlXpPIEeoNDbsEHGpb854V3gzTsGKYj830I5zPuOwU/TP5/cW6A==",
      "dependencies": {
        "@types/color-convert": "*"
      }
    },
    "node_modules/@types/color-convert": {
      "version": "2.0.3",
      "resolved": "https://registry.npmjs.org/@types/color-convert/-/color-convert-2.0.3.tgz",
      "integrity": "sha512-2Q6wzrNiuEvYxVQqhh7sXM2mhIhvZR/Paq4FdsQkOMgWsCIkKvSGj8Le1/XalulrmgOzPMqNa0ix+ePY4hTrfg==",
      "dependencies": {
        "@types/color-name": "*"
      }
    },
    "node_modules/@types/color-name": {
      "version": "1.1.3",
      "resolved": "https://registry.npmjs.org/@types/color-name/-/color-name-1.1.3.tgz",
      "integrity": "sha512-87W6MJCKZYDhLAx/J1ikW8niMvmGRyY+rpUxWpL1cO7F8Uu5CHuQoFv+R0/L5pgNdW4jTyda42kv60uwVIPjLw=="
    },
    "node_modules/@types/node": {
      "version": "20.11.7",
      "resolved": "https://registry.npmjs.org/@types/node/-/node-20.11.7.tgz",
      "integrity": "sha512-GPmeN1C3XAyV5uybAf4cMLWT9fDWcmQhZVtMFu7OR32WjrqGG+Wnk2V1d0bmtUyE/Zy1QJ9BxyiTih9z8Oks8A==",
      "dev": true,
      "dependencies": {
        "undici-types": "~5.26.4"
      }
    },
    "node_modules/@types/vscode": {
      "version": "1.85.0",
      "resolved": "https://registry.npmjs.org/@types/vscode/-/vscode-1.85.0.tgz",
      "integrity": "sha512-CF/RBon/GXwdfmnjZj0WTUMZN5H6YITOfBCP4iEZlOtVQXuzw6t7Le7+cR+7JzdMrnlm7Mfp49Oj2TuSXIWo3g==",
      "dev": true
    },
    "node_modules/@types/wicg-file-system-access": {
      "version": "2023.10.4",
      "resolved": "https://registry.npmjs.org/@types/wicg-file-system-access/-/wicg-file-system-access-2023.10.4.tgz",
      "integrity": "sha512-ewOj7hWhsUTS2+aY6zY+7BwlgqGBj5ZXxKuHt3TAWpIJH0bDW/6bO1N1SdUDAzV8r0Nc+/ZtpAEETYTwrehBMw=="
    },
    "node_modules/@vscode/vscode-languagedetection": {
      "version": "1.0.21",
      "resolved": "https://registry.npmjs.org/@vscode/vscode-languagedetection/-/vscode-languagedetection-1.0.21.tgz",
      "integrity": "sha512-zSUH9HYCw5qsCtd7b31yqkpaCU6jhtkKLkvOOA8yTrIRfBSOFb8PPhgmMicD7B/m+t4PwOJXzU1XDtrM9Fd3/g==",
      "bin": {
        "vscode-languagedetection": "cli/index.js"
      }
    },
    "node_modules/color": {
      "version": "4.2.3",
      "resolved": "https://registry.npmjs.org/color/-/color-4.2.3.tgz",
      "integrity": "sha512-1rXeuUUiGGrykh+CeBdu5Ie7OJwinCgQY0bc7GCRxy5xVHy+moaqkpL/jqQq0MtQOeYcrqEz4abc5f0KtU7W4A==",
      "dependencies": {
        "color-convert": "^2.0.1",
        "color-string": "^1.9.0"
      },
      "engines": {
        "node": ">=12.5.0"
      }
    },
    "node_modules/color-name": {
      "version": "1.1.3",
      "resolved": "https://registry.npmjs.org/color-name/-/color-name-1.1.3.tgz",
      "integrity": "sha512-72fSenhMw2HZMTVHeCA9KCmpEIbzWiQsjN+BHcBbS9vr1mtt+vJjPdksIBNUmKAW8TFUDPJK5SUU3QhE9NEXDw=="
    },
    "node_modules/color-string": {
      "version": "1.9.1",
      "resolved": "https://registry.npmjs.org/color-string/-/color-string-1.9.1.tgz",
      "integrity": "sha512-shrVawQFojnZv6xM40anx4CkoDP+fZsw/ZerEMsW/pyzsRbElpsL/DBVW7q3ExxwusdNXI3lXpuhEZkzs8p5Eg==",
      "dependencies": {
        "color-name": "^1.0.0",
        "simple-swizzle": "^0.2.2"
      }
    },
    "node_modules/color/node_modules/color-convert": {
      "version": "2.0.1",
      "resolved": "https://registry.npmjs.org/color-convert/-/color-convert-2.0.1.tgz",
      "integrity": "sha512-RRECPsj7iu/xb5oKYcsFHSppFNnsj/52OVTRKb4zP5onXwVF3zVmmToNcOfGC+CRDpfK/U584fMg38ZHCaElKQ==",
      "dependencies": {
        "color-name": "~1.1.4"
      },
      "engines": {
        "node": ">=7.0.0"
      }
    },
    "node_modules/color/node_modules/color-name": {
      "version": "1.1.4",
      "resolved": "https://registry.npmjs.org/color-name/-/color-name-1.1.4.tgz",
      "integrity": "sha512-dOy+3AuW3a2wNbZHIuMZpTcgjGuLU/uBL/ubcZF9OXbDo8ff4O8yVp5Bf0efS8uEoYo5q4Fx7dY9OgQGXgAsQA=="
    },
    "node_modules/esbuild": {
      "version": "0.19.8",
      "resolved": "https://registry.npmjs.org/esbuild/-/esbuild-0.19.8.tgz",
      "integrity": "sha512-l7iffQpT2OrZfH2rXIp7/FkmaeZM0vxbxN9KfiCwGYuZqzMg/JdvX26R31Zxn/Pxvsrg3Y9N6XTcnknqDyyv4w==",
      "dev": true,
      "hasInstallScript": true,
      "bin": {
        "esbuild": "bin/esbuild"
      },
      "engines": {
        "node": ">=12"
      },
      "optionalDependencies": {
        "@esbuild/android-arm": "0.19.8",
        "@esbuild/android-arm64": "0.19.8",
        "@esbuild/android-x64": "0.19.8",
        "@esbuild/darwin-arm64": "0.19.8",
        "@esbuild/darwin-x64": "0.19.8",
        "@esbuild/freebsd-arm64": "0.19.8",
        "@esbuild/freebsd-x64": "0.19.8",
        "@esbuild/linux-arm": "0.19.8",
        "@esbuild/linux-arm64": "0.19.8",
        "@esbuild/linux-ia32": "0.19.8",
        "@esbuild/linux-loong64": "0.19.8",
        "@esbuild/linux-mips64el": "0.19.8",
        "@esbuild/linux-ppc64": "0.19.8",
        "@esbuild/linux-riscv64": "0.19.8",
        "@esbuild/linux-s390x": "0.19.8",
        "@esbuild/linux-x64": "0.19.8",
        "@esbuild/netbsd-x64": "0.19.8",
        "@esbuild/openbsd-x64": "0.19.8",
        "@esbuild/sunos-x64": "0.19.8",
        "@esbuild/win32-arm64": "0.19.8",
        "@esbuild/win32-ia32": "0.19.8",
        "@esbuild/win32-x64": "0.19.8"
      }
    },
    "node_modules/fsevents": {
      "version": "2.3.3",
      "resolved": "https://registry.npmjs.org/fsevents/-/fsevents-2.3.3.tgz",
      "integrity": "sha512-5xoDfX+fL7faATnagmWPpbFtwh/R77WmMMqqHGS65C3vvB0YHrgF+B1YmZ3441tMj5n63k0212XNoJwzlhffQw==",
      "dev": true,
      "hasInstallScript": true,
      "optional": true,
      "os": [
        "darwin"
      ],
      "engines": {
        "node": "^8.16.0 || ^10.6.0 || >=11.0.0"
      }
    },
    "node_modules/import-meta-resolve": {
      "version": "4.0.0",
      "resolved": "https://registry.npmjs.org/import-meta-resolve/-/import-meta-resolve-4.0.0.tgz",
      "integrity": "sha512-okYUR7ZQPH+efeuMJGlq4f8ubUgO50kByRPyt/Cy1Io4PSRsPjxME+YlVaCOx+NIToW7hCsZNFJyTPFFKepRSA==",
      "dev": true,
      "funding": {
        "type": "github",
        "url": "https://github.com/sponsors/wooorm"
      }
    },
    "node_modules/is-arrayish": {
      "version": "0.3.2",
      "resolved": "https://registry.npmjs.org/is-arrayish/-/is-arrayish-0.3.2.tgz",
      "integrity": "sha512-eVRqCvVlZbuw3GrM63ovNSNAeA1K16kaR/LRY/92w0zxQ5/1YzwblUX652i4Xs9RwAGjW9d9y6X88t8OaAJfWQ=="
    },
    "node_modules/monaco-editor": {
      "version": "0.45.0",
      "resolved": "https://registry.npmjs.org/monaco-editor/-/monaco-editor-0.45.0.tgz",
      "integrity": "sha512-mjv1G1ZzfEE3k9HZN0dQ2olMdwIfaeAAjFiwNprLfYNRSz7ctv9XuCT7gPtBGrMUeV1/iZzYKj17Khu1hxoHOA=="
    },
    "node_modules/nanoid": {
      "version": "3.3.7",
      "resolved": "https://registry.npmjs.org/nanoid/-/nanoid-3.3.7.tgz",
      "integrity": "sha512-eSRppjcPIatRIMC1U6UngP8XFcz8MQWGQdt1MTBQ7NaAmvXDfvNxbvWV3x2y6CdEUciCSsDHDQZbhYaB8QEo2g==",
      "dev": true,
      "funding": [
        {
          "type": "github",
          "url": "https://github.com/sponsors/ai"
        }
      ],
      "bin": {
        "nanoid": "bin/nanoid.cjs"
      },
      "engines": {
        "node": "^10 || ^12 || ^13.7 || ^14 || >=15.0.1"
      }
    },
    "node_modules/picocolors": {
      "version": "1.0.0",
      "resolved": "https://registry.npmjs.org/picocolors/-/picocolors-1.0.0.tgz",
      "integrity": "sha512-1fygroTLlHu66zi26VoTDv8yRgm0Fccecssto+MhsZ0D/DGW2sm8E8AjW7NU5VVTRt5GxbeZ5qBuJr+HyLYkjQ==",
      "dev": true
    },
    "node_modules/postcss": {
      "version": "8.4.32",
      "resolved": "https://registry.npmjs.org/postcss/-/postcss-8.4.32.tgz",
      "integrity": "sha512-D/kj5JNu6oo2EIy+XL/26JEDTlIbB8hw85G8StOE6L74RQAVVP5rej6wxCNqyMbR4RkPfqvezVbPw81Ngd6Kcw==",
      "dev": true,
      "funding": [
        {
          "type": "opencollective",
          "url": "https://opencollective.com/postcss/"
        },
        {
          "type": "tidelift",
          "url": "https://tidelift.com/funding/github/npm/postcss"
        },
        {
          "type": "github",
          "url": "https://github.com/sponsors/ai"
        }
      ],
      "dependencies": {
        "nanoid": "^3.3.7",
        "picocolors": "^1.0.0",
        "source-map-js": "^1.0.2"
      },
      "engines": {
        "node": "^10 || ^12 || >=14"
      }
    },
    "node_modules/rollup": {
      "version": "4.7.0",
      "resolved": "https://registry.npmjs.org/rollup/-/rollup-4.7.0.tgz",
      "integrity": "sha512-7Kw0dUP4BWH78zaZCqF1rPyQ8D5DSU6URG45v1dqS/faNsx9WXyess00uTOZxKr7oR/4TOjO1CPudT8L1UsEgw==",
      "dev": true,
      "bin": {
        "rollup": "dist/bin/rollup"
      },
      "engines": {
        "node": ">=18.0.0",
        "npm": ">=8.0.0"
      },
      "optionalDependencies": {
        "@rollup/rollup-android-arm-eabi": "4.7.0",
        "@rollup/rollup-android-arm64": "4.7.0",
        "@rollup/rollup-darwin-arm64": "4.7.0",
        "@rollup/rollup-darwin-x64": "4.7.0",
        "@rollup/rollup-linux-arm-gnueabihf": "4.7.0",
        "@rollup/rollup-linux-arm64-gnu": "4.7.0",
        "@rollup/rollup-linux-arm64-musl": "4.7.0",
        "@rollup/rollup-linux-riscv64-gnu": "4.7.0",
        "@rollup/rollup-linux-x64-gnu": "4.7.0",
        "@rollup/rollup-linux-x64-musl": "4.7.0",
        "@rollup/rollup-win32-arm64-msvc": "4.7.0",
        "@rollup/rollup-win32-ia32-msvc": "4.7.0",
        "@rollup/rollup-win32-x64-msvc": "4.7.0",
        "fsevents": "~2.3.2"
      }
    },
    "node_modules/simple-swizzle": {
      "version": "0.2.2",
      "resolved": "https://registry.npmjs.org/simple-swizzle/-/simple-swizzle-0.2.2.tgz",
      "integrity": "sha512-JA//kQgZtbuY83m+xT+tXJkmJncGMTFT+C+g2h2R9uxkYIrE2yy9sgmcLhCnw57/WSD+Eh3J97FPEDFnbXnDUg==",
      "dependencies": {
        "is-arrayish": "^0.3.1"
      }
    },
    "node_modules/source-map-js": {
      "version": "1.0.2",
      "resolved": "https://registry.npmjs.org/source-map-js/-/source-map-js-1.0.2.tgz",
      "integrity": "sha512-R0XvVJ9WusLiqTCEiGCmICCMplcCkIwwR11mOSD9CR5u+IXYdiseeEuXCVAjS54zqwkLcPNnmU4OeJ6tUrWhDw==",
      "dev": true,
      "engines": {
        "node": ">=0.10.0"
      }
    },
    "node_modules/typescript": {
      "version": "5.3.3",
      "resolved": "https://registry.npmjs.org/typescript/-/typescript-5.3.3.tgz",
      "integrity": "sha512-pXWcraxM0uxAS+tN0AG/BF2TyqmHO014Z070UsJ+pFvYuRSq8KH8DmWpnbXe0pEPDHXZV3FcAbJkijJ5oNEnWw==",
      "dev": true,
      "bin": {
        "tsc": "bin/tsc",
        "tsserver": "bin/tsserver"
      },
      "engines": {
        "node": ">=14.17"
      }
    },
    "node_modules/undici-types": {
      "version": "5.26.5",
      "resolved": "https://registry.npmjs.org/undici-types/-/undici-types-5.26.5.tgz",
      "integrity": "sha512-JlCMO+ehdEIKqlFxk6IfVoAUVmgz7cU7zD/h9XZ0qzeosSHmUJVOzSQvvYSYWXkFXC+IfLKSIffhv0sVZup6pA==",
      "dev": true
    },
    "node_modules/vite": {
      "version": "5.0.12",
      "resolved": "https://registry.npmjs.org/vite/-/vite-5.0.12.tgz",
      "integrity": "sha512-4hsnEkG3q0N4Tzf1+t6NdN9dg/L3BM+q8SWgbSPnJvrgH2kgdyzfVJwbR1ic69/4uMJJ/3dqDZZE5/WwqW8U1w==",
      "dev": true,
      "dependencies": {
        "esbuild": "^0.19.3",
        "postcss": "^8.4.32",
        "rollup": "^4.2.0"
      },
      "bin": {
        "vite": "bin/vite.js"
      },
      "engines": {
        "node": "^18.0.0 || >=20.0.0"
      },
      "funding": {
        "url": "https://github.com/vitejs/vite?sponsor=1"
      },
      "optionalDependencies": {
        "fsevents": "~2.3.3"
      },
      "peerDependencies": {
        "@types/node": "^18.0.0 || >=20.0.0",
        "less": "*",
        "lightningcss": "^1.21.0",
        "sass": "*",
        "stylus": "*",
        "sugarss": "*",
        "terser": "^5.4.0"
      },
      "peerDependenciesMeta": {
        "@types/node": {
          "optional": true
        },
        "less": {
          "optional": true
        },
        "lightningcss": {
          "optional": true
        },
        "sass": {
          "optional": true
        },
        "stylus": {
          "optional": true
        },
        "sugarss": {
          "optional": true
        },
        "terser": {
          "optional": true
        }
      }
    },
    "node_modules/vscode": {
      "name": "@codingame/monaco-vscode-api",
      "version": "2.0.3",
      "resolved": "https://registry.npmjs.org/@codingame/monaco-vscode-api/-/monaco-vscode-api-2.0.3.tgz",
      "integrity": "sha512-flZ6WfUbF4HlsiBiJUXno0ETH+GH8CPfwy6BqLLw8VuM8q98YCfGVInmwDgKi0nRUzossKLKfHKX57avLVTX0Q==",
      "dependencies": {
        "@codingame/monaco-vscode-base-service-override": "2.0.3",
        "@codingame/monaco-vscode-environment-service-override": "2.0.3",
        "@codingame/monaco-vscode-extensions-service-override": "2.0.3",
        "@codingame/monaco-vscode-files-service-override": "2.0.3",
        "@codingame/monaco-vscode-host-service-override": "2.0.3",
        "@codingame/monaco-vscode-layout-service-override": "2.0.3",
        "@codingame/monaco-vscode-quickaccess-service-override": "2.0.3",
        "vscode-marked": "npm:marked@=3.0.2",
        "vscode-semver": "npm:semver@=5.5.0"
      }
    },
    "node_modules/vscode-marked": {
      "name": "marked",
      "version": "3.0.2",
      "resolved": "https://registry.npmjs.org/marked/-/marked-3.0.2.tgz",
      "integrity": "sha512-TMJQQ79Z0e3rJYazY0tIoMsFzteUGw9fB3FD+gzuIT3zLuG9L9ckIvUfF51apdJkcqc208jJN2KbtPbOvXtbjA==",
      "bin": {
        "marked": "bin/marked"
      },
      "engines": {
        "node": ">= 12"
      }
    },
    "node_modules/vscode-oniguruma": {
      "version": "1.7.0",
      "resolved": "https://registry.npmjs.org/vscode-oniguruma/-/vscode-oniguruma-1.7.0.tgz",
      "integrity": "sha512-L9WMGRfrjOhgHSdOYgCt/yRMsXzLDJSL7BPrOZt73gU0iWO4mpqzqQzOz5srxqTvMBaR0XZTSrVWo4j55Rc6cA=="
    },
    "node_modules/vscode-semver": {
      "name": "semver",
      "version": "5.5.0",
      "resolved": "https://registry.npmjs.org/semver/-/semver-5.5.0.tgz",
      "integrity": "sha512-4SJ3dm0WAwWy/NVeioZh5AntkdJoWKxHxcmyP622fOkgHa4z3R0TdBJICINyaSDE6uNwVc8gZr+ZinwZAH4xIA==",
      "bin": {
        "semver": "bin/semver"
      }
    },
    "node_modules/vscode-textmate": {
      "version": "9.0.0",
      "resolved": "https://registry.npmjs.org/vscode-textmate/-/vscode-textmate-9.0.0.tgz",
      "integrity": "sha512-Cl65diFGxz7gpwbav10HqiY/eVYTO1sjQpmRmV991Bj7wAoOAjGQ97PpQcXorDE2Uc4hnGWLY17xme+5t6MlSg=="
    }
  }
}
